
Microsoft Visual Studio Solution File, Format Version 12.00
# Visual Studio 2012
Project("{FAE04EC0-301F-11D3-BF4B-00C04F79EFBC}") = "StructureMap.DelegateFactories", "StructureMap.DelegateFactories.csproj", "{108DCE2D-394C-466F-A17A-7FA99C6BC074}"
EndProject
Global
	GlobalSection(SolutionConfigurationPlatforms) = preSolution
		Debug|Any CPU = Debug|Any CPU
		Release|Any CPU = Release|Any CPU
	EndGlobalSection
	GlobalSection(ProjectConfigurationPlatforms) = postSolution
		{108DCE2D-394C-466F-A17A-7FA99C6BC074}.Debug|Any CPU.ActiveCfg = Debug|Any CPU
		{108DCE2D-394C-466F-A17A-7FA99C6BC074}.Debug|Any CPU.Build.0 = Debug|Any CPU
		{108DCE2D-394C-466F-A17A-7FA99C6BC074}.Release|Any CPU.ActiveCfg = Release|Any CPU
		{108DCE2D-394C-466F-A17A-7FA99C6BC074}.Release|Any CPU.Build.0 = Release|Any CPU
	EndGlobalSection
	GlobalSection(SolutionProperties) = preSolution
		HideSolutionNode = FALSE
	EndGlobalSection
EndGlobal
